
Microsoft Visual Studio Solution File, Format Version 12.00
# Visual Studio Version 16
VisualStudioVersion = 16.0.31424.327
MinimumVisualStudioVersion = 10.0.40219.1
Project("{FAE04EC0-301F-11D3-BF4B-00C04F79EFBC}") = "exercicio5", "exercicio5\exercicio5.csproj", "{1D922533-65A6-48DB-99B6-C22514E98A67}"
EndProject
Global
	GlobalSection(SolutionConfigurationPlatforms) = preSolution
		Debug|Any CPU = Debug|Any CPU
		Release|Any CPU = Release|Any CPU
	EndGlobalSection
	GlobalSection(ProjectConfigurationPlatforms) = postSolution
		{1D922533-65A6-48DB-99B6-C22514E98A67}.Debug|Any CPU.ActiveCfg = Debug|Any CPU
		{1D922533-65A6-48DB-99B6-C22514E98A67}.Debug|Any CPU.Build.0 = Debug|Any CPU
		{1D922533-65A6-48DB-99B6-C22514E98A67}.Release|Any CPU.ActiveCfg = Release|Any CPU
		{1D922533-65A6-48DB-99B6-C22514E98A67}.Release|Any CPU.Build.0 = Release|Any CPU
	EndGlobalSection
	GlobalSection(SolutionProperties) = preSolution
		HideSolutionNode = FALSE
	EndGlobalSection
	GlobalSection(ExtensibilityGlobals) = postSolution
		SolutionGuid = {10A85DBC-5DB0-40BB-8010-825D2A7C0CBB}
	EndGlobalSection
EndGlobal
