
Microsoft Visual Studio Solution File, Format Version 12.00
# Visual Studio Version 16
VisualStudioVersion = 16.0.31424.327
MinimumVisualStudioVersion = 10.0.40219.1
Project("{FAE04EC0-301F-11D3-BF4B-00C04F79EFBC}") = "Notas", "Notas\Notas.csproj", "{FCD98B1D-B591-4430-937B-11FC64777540}"
EndProject
Global
	GlobalSection(SolutionConfigurationPlatforms) = preSolution
		Debug|Any CPU = Debug|Any CPU
		Release|Any CPU = Release|Any CPU
	EndGlobalSection
	GlobalSection(ProjectConfigurationPlatforms) = postSolution
		{FCD98B1D-B591-4430-937B-11FC64777540}.Debug|Any CPU.ActiveCfg = Debug|Any CPU
		{FCD98B1D-B591-4430-937B-11FC64777540}.Debug|Any CPU.Build.0 = Debug|Any CPU
		{FCD98B1D-B591-4430-937B-11FC64777540}.Release|Any CPU.ActiveCfg = Release|Any CPU
		{FCD98B1D-B591-4430-937B-11FC64777540}.Release|Any CPU.Build.0 = Release|Any CPU
	EndGlobalSection
	GlobalSection(SolutionProperties) = preSolution
		HideSolutionNode = FALSE
	EndGlobalSection
	GlobalSection(ExtensibilityGlobals) = postSolution
		SolutionGuid = {57584979-F181-454A-B15C-8227CE11D647}
	EndGlobalSection
EndGlobal
